
Microsoft Visual Studio Solution File, Format Version 12.00
# Visual Studio Version 16
VisualStudioVersion = 16.0.31515.178
MinimumVisualStudioVersion = 10.0.40219.1
Project("{FAE04EC0-301F-11D3-BF4B-00C04F79EFBC}") = "HBReceiveEventExample", "HBReceiveEventExample.csproj", "{7A4D8C6D-ECBD-4997-8309-1F059C101BA9}"
EndProject
Global
	GlobalSection(SolutionConfigurationPlatforms) = preSolution
		Debug|Any CPU = Debug|Any CPU
		Release|Any CPU = Release|Any CPU
	EndGlobalSection
	GlobalSection(ProjectConfigurationPlatforms) = postSolution
		{7A4D8C6D-ECBD-4997-8309-1F059C101BA9}.Debug|Any CPU.ActiveCfg = Debug|Any CPU
		{7A4D8C6D-ECBD-4997-8309-1F059C101BA9}.Debug|Any CPU.Build.0 = Debug|Any CPU
		{7A4D8C6D-ECBD-4997-8309-1F059C101BA9}.Release|Any CPU.ActiveCfg = Release|Any CPU
		{7A4D8C6D-ECBD-4997-8309-1F059C101BA9}.Release|Any CPU.Build.0 = Release|Any CPU
	EndGlobalSection
	GlobalSection(SolutionProperties) = preSolution
		HideSolutionNode = FALSE
	EndGlobalSection
	GlobalSection(ExtensibilityGlobals) = postSolution
		SolutionGuid = {16473E7E-434B-4878-AD34-2D03D0D023CE}
	EndGlobalSection
EndGlobal
